
Microsoft Visual Studio Solution File, Format Version 12.00
# Visual Studio Version 17
VisualStudioVersion = 17.10.35027.167
MinimumVisualStudioVersion = 10.0.40219.1
Project("{FAE04EC0-301F-11D3-BF4B-00C04F79EFBC}") = "ink-ribbon-user", "ink-ribbon-user\ink-ribbon-user.csproj", "{445B09EA-7FE9-482C-A214-6D9063B32A30}"
EndProject
Global
	GlobalSection(SolutionConfigurationPlatforms) = preSolution
		Debug|Any CPU = Debug|Any CPU
		Release|Any CPU = Release|Any CPU
	EndGlobalSection
	GlobalSection(ProjectConfigurationPlatforms) = postSolution
		{445B09EA-7FE9-482C-A214-6D9063B32A30}.Debug|Any CPU.ActiveCfg = Debug|Any CPU
		{445B09EA-7FE9-482C-A214-6D9063B32A30}.Debug|Any CPU.Build.0 = Debug|Any CPU
		{445B09EA-7FE9-482C-A214-6D9063B32A30}.Release|Any CPU.ActiveCfg = Release|Any CPU
		{445B09EA-7FE9-482C-A214-6D9063B32A30}.Release|Any CPU.Build.0 = Release|Any CPU
	EndGlobalSection
	GlobalSection(SolutionProperties) = preSolution
		HideSolutionNode = FALSE
	EndGlobalSection
	GlobalSection(ExtensibilityGlobals) = postSolution
		SolutionGuid = {D6085004-3D96-4285-9146-2C7377C2E1B9}
	EndGlobalSection
EndGlobal
